
Microsoft Visual Studio Solution File, Format Version 12.00
# Visual Studio Version 16
VisualStudioVersion = 16.0.30907.101
MinimumVisualStudioVersion = 10.0.40219.1
Project("{FAE04EC0-301F-11D3-BF4B-00C04F79EFBC}") = "TestJson", "TestJson\TestJson.csproj", "{BB0BE40D-DAC8-465D-810D-5AA8FC11B399}"
EndProject
Global
	GlobalSection(SolutionConfigurationPlatforms) = preSolution
		Debug|Any CPU = Debug|Any CPU
		Release|Any CPU = Release|Any CPU
	EndGlobalSection
	GlobalSection(ProjectConfigurationPlatforms) = postSolution
		{BB0BE40D-DAC8-465D-810D-5AA8FC11B399}.Debug|Any CPU.ActiveCfg = Debug|Any CPU
		{BB0BE40D-DAC8-465D-810D-5AA8FC11B399}.Debug|Any CPU.Build.0 = Debug|Any CPU
		{BB0BE40D-DAC8-465D-810D-5AA8FC11B399}.Release|Any CPU.ActiveCfg = Release|Any CPU
		{BB0BE40D-DAC8-465D-810D-5AA8FC11B399}.Release|Any CPU.Build.0 = Release|Any CPU
	EndGlobalSection
	GlobalSection(SolutionProperties) = preSolution
		HideSolutionNode = FALSE
	EndGlobalSection
	GlobalSection(ExtensibilityGlobals) = postSolution
		SolutionGuid = {5BC4EAEA-0E09-4EEF-ABFC-42777DDFF17A}
	EndGlobalSection
EndGlobal
